
Microsoft Visual Studio Solution File, Format Version 12.00
# Visual Studio Version 17
VisualStudioVersion = 17.8.34511.84
MinimumVisualStudioVersion = 10.0.40219.1
Project("{9A19103F-16F7-4668-BE54-9A1E7A4F7556}") = "TodoApp.Domain", "ToDoApp.Domain\TodoApp.Domain.csproj", "{20E39582-3D7B-4168-B841-788C86D4C946}"
EndProject
Project("{9A19103F-16F7-4668-BE54-9A1E7A4F7556}") = "TodoApp.Infrastructure", "ToDoApp.Infrastructure\TodoApp.Infrastructure.csproj", "{55CC2CC4-8D4A-4621-AC7B-492E431172E5}"
EndProject
Project("{9A19103F-16F7-4668-BE54-9A1E7A4F7556}") = "TodoApp.Application", "ToDoApp.Application\TodoApp.Application.csproj", "{3C03C0A2-2557-4DE9-9557-ECFEFB684964}"
EndProject
Project("{9A19103F-16F7-4668-BE54-9A1E7A4F7556}") = "TodoApp.Web.Api", "ToDoApp.Web.Api\TodoApp.Web.Api.csproj", "{6BB7D981-9131-44CD-BADD-91E763510A94}"
EndProject
Project("{FAE04EC0-301F-11D3-BF4B-00C04F79EFBC}") = "TodoApp.Application.Tests", "TodoApp.Application.Tests\TodoApp.Application.Tests.csproj", "{4A5B9567-6523-45C7-821A-772FD5CAC900}"
EndProject
Global
	GlobalSection(SolutionConfigurationPlatforms) = preSolution
		Debug|Any CPU = Debug|Any CPU
		Release|Any CPU = Release|Any CPU
	EndGlobalSection
	GlobalSection(ProjectConfigurationPlatforms) = postSolution
		{20E39582-3D7B-4168-B841-788C86D4C946}.Debug|Any CPU.ActiveCfg = Debug|Any CPU
		{20E39582-3D7B-4168-B841-788C86D4C946}.Debug|Any CPU.Build.0 = Debug|Any CPU
		{20E39582-3D7B-4168-B841-788C86D4C946}.Release|Any CPU.ActiveCfg = Release|Any CPU
		{20E39582-3D7B-4168-B841-788C86D4C946}.Release|Any CPU.Build.0 = Release|Any CPU
		{55CC2CC4-8D4A-4621-AC7B-492E431172E5}.Debug|Any CPU.ActiveCfg = Debug|Any CPU
		{55CC2CC4-8D4A-4621-AC7B-492E431172E5}.Debug|Any CPU.Build.0 = Debug|Any CPU
		{55CC2CC4-8D4A-4621-AC7B-492E431172E5}.Release|Any CPU.ActiveCfg = Release|Any CPU
		{55CC2CC4-8D4A-4621-AC7B-492E431172E5}.Release|Any CPU.Build.0 = Release|Any CPU
		{3C03C0A2-2557-4DE9-9557-ECFEFB684964}.Debug|Any CPU.ActiveCfg = Debug|Any CPU
		{3C03C0A2-2557-4DE9-9557-ECFEFB684964}.Debug|Any CPU.Build.0 = Debug|Any CPU
		{3C03C0A2-2557-4DE9-9557-ECFEFB684964}.Release|Any CPU.ActiveCfg = Release|Any CPU
		{3C03C0A2-2557-4DE9-9557-ECFEFB684964}.Release|Any CPU.Build.0 = Release|Any CPU
		{6BB7D981-9131-44CD-BADD-91E763510A94}.Debug|Any CPU.ActiveCfg = Debug|Any CPU
		{6BB7D981-9131-44CD-BADD-91E763510A94}.Debug|Any CPU.Build.0 = Debug|Any CPU
		{6BB7D981-9131-44CD-BADD-91E763510A94}.Release|Any CPU.ActiveCfg = Release|Any CPU
		{6BB7D981-9131-44CD-BADD-91E763510A94}.Release|Any CPU.Build.0 = Release|Any CPU
		{4A5B9567-6523-45C7-821A-772FD5CAC900}.Debug|Any CPU.ActiveCfg = Debug|Any CPU
		{4A5B9567-6523-45C7-821A-772FD5CAC900}.Debug|Any CPU.Build.0 = Debug|Any CPU
		{4A5B9567-6523-45C7-821A-772FD5CAC900}.Release|Any CPU.ActiveCfg = Release|Any CPU
		{4A5B9567-6523-45C7-821A-772FD5CAC900}.Release|Any CPU.Build.0 = Release|Any CPU
	EndGlobalSection
	GlobalSection(SolutionProperties) = preSolution
		HideSolutionNode = FALSE
	EndGlobalSection
	GlobalSection(ExtensibilityGlobals) = postSolution
		SolutionGuid = {C20F9E31-AF65-4ABB-A18E-0C09E0FC923E}
	EndGlobalSection
EndGlobal
